
Microsoft Visual Studio Solution File, Format Version 12.00
# Visual Studio Version 16
VisualStudioVersion = 16.0.29009.5
MinimumVisualStudioVersion = 10.0.40219.1
Project("{FAE04EC0-301F-11D3-BF4B-00C04F79EFBC}") = "RealmSwitchTimer", "RealmSwitchTimer\RealmSwitchTimer.csproj", "{1AA8D124-046D-4F8A-9FB2-A8536A713832}"
EndProject
Global
	GlobalSection(SolutionConfigurationPlatforms) = preSolution
		Debug|Any CPU = Debug|Any CPU
		Release|Any CPU = Release|Any CPU
	EndGlobalSection
	GlobalSection(ProjectConfigurationPlatforms) = postSolution
		{1AA8D124-046D-4F8A-9FB2-A8536A713832}.Debug|Any CPU.ActiveCfg = Debug|Any CPU
		{1AA8D124-046D-4F8A-9FB2-A8536A713832}.Debug|Any CPU.Build.0 = Debug|Any CPU
		{1AA8D124-046D-4F8A-9FB2-A8536A713832}.Release|Any CPU.ActiveCfg = Release|Any CPU
		{1AA8D124-046D-4F8A-9FB2-A8536A713832}.Release|Any CPU.Build.0 = Release|Any CPU
	EndGlobalSection
	GlobalSection(SolutionProperties) = preSolution
		HideSolutionNode = FALSE
	EndGlobalSection
	GlobalSection(ExtensibilityGlobals) = postSolution
		SolutionGuid = {D88EC054-4C4E-4D61-BFC2-7696743A3DAB}
	EndGlobalSection
EndGlobal
